
Microsoft Visual Studio Solution File, Format Version 12.00
Project("{2150E333-8FDC-42A3-9474-1A3956D46DE8}") = "API", "API", "{6FC94FF9-6B10-473E-8E27-79F0D3EE8989}"
EndProject
Project("{2150E333-8FDC-42A3-9474-1A3956D46DE8}") = "Application", "Application", "{BDD1646E-DE11-44CA-AFC1-1218F0DAADDD}"
EndProject
Project("{2150E333-8FDC-42A3-9474-1A3956D46DE8}") = "Domain", "Domain", "{E08BC133-A41D-4C02-803F-7332EE0427BE}"
EndProject
Project("{2150E333-8FDC-42A3-9474-1A3956D46DE8}") = "Infrastructure", "Infrastructure", "{8F8C35E1-EADA-426C-BEC8-9CE2B782EB0F}"
EndProject
Project("{2150E333-8FDC-42A3-9474-1A3956D46DE8}") = "Tests", "Tests", "{D204136B-A2D9-4E61-A692-DB4B350EC3E2}"
EndProject
Project("{FAE04EC0-301F-11D3-BF4B-00C04F79EFBC}") = "AgroSolutions.IoT.IngestaoDados.Api", "AgroSolutions.IoT.IngestaoDados.Api\AgroSolutions.IoT.IngestaoDados.Api.csproj", "{F5DF264D-B1B7-471E-8942-9BA6AC486345}"
EndProject
Project("{FAE04EC0-301F-11D3-BF4B-00C04F79EFBC}") = "AgroSolutions.IoT.IngestaoDados.Application", "AgroSolutions.IoT.IngestaoDados.Application\AgroSolutions.IoT.IngestaoDados.Application.csproj", "{7BD3B787-A93A-4A8C-B110-3975BC19B03F}"
EndProject
Project("{FAE04EC0-301F-11D3-BF4B-00C04F79EFBC}") = "AgroSolutions.IoT.IngestaoDados.Domain", "AgroSolutions.IoT.IngestaoDados.Domain\AgroSolutions.IoT.IngestaoDados.Domain.csproj", "{35C7C163-F139-4266-A87D-7A06E66EC27F}"
EndProject
Project("{FAE04EC0-301F-11D3-BF4B-00C04F79EFBC}") = "AgroSolutions.IoT.IngestaoDados.Infrastructure", "AgroSolutions.IoT.IngestaoDados.Infrastructure\AgroSolutions.IoT.IngestaoDados.Infrastructure.csproj", "{E71F9804-7CC0-405E-B854-5C1C10910659}"
EndProject
Global
	GlobalSection(SolutionConfigurationPlatforms) = preSolution
		Debug|Any CPU = Debug|Any CPU
		Release|Any CPU = Release|Any CPU
	EndGlobalSection
	GlobalSection(NestedProjects) = preSolution
		{F5DF264D-B1B7-471E-8942-9BA6AC486345} = {6FC94FF9-6B10-473E-8E27-79F0D3EE8989}
		{7BD3B787-A93A-4A8C-B110-3975BC19B03F} = {BDD1646E-DE11-44CA-AFC1-1218F0DAADDD}
		{35C7C163-F139-4266-A87D-7A06E66EC27F} = {E08BC133-A41D-4C02-803F-7332EE0427BE}
		{E71F9804-7CC0-405E-B854-5C1C10910659} = {8F8C35E1-EADA-426C-BEC8-9CE2B782EB0F}
	EndGlobalSection
	GlobalSection(ProjectConfigurationPlatforms) = postSolution
		{F5DF264D-B1B7-471E-8942-9BA6AC486345}.Debug|Any CPU.ActiveCfg = Debug|Any CPU
		{F5DF264D-B1B7-471E-8942-9BA6AC486345}.Debug|Any CPU.Build.0 = Debug|Any CPU
		{F5DF264D-B1B7-471E-8942-9BA6AC486345}.Release|Any CPU.ActiveCfg = Release|Any CPU
		{F5DF264D-B1B7-471E-8942-9BA6AC486345}.Release|Any CPU.Build.0 = Release|Any CPU
		{7BD3B787-A93A-4A8C-B110-3975BC19B03F}.Debug|Any CPU.ActiveCfg = Debug|Any CPU
		{7BD3B787-A93A-4A8C-B110-3975BC19B03F}.Debug|Any CPU.Build.0 = Debug|Any CPU
		{7BD3B787-A93A-4A8C-B110-3975BC19B03F}.Release|Any CPU.ActiveCfg = Release|Any CPU
		{7BD3B787-A93A-4A8C-B110-3975BC19B03F}.Release|Any CPU.Build.0 = Release|Any CPU
		{35C7C163-F139-4266-A87D-7A06E66EC27F}.Debug|Any CPU.ActiveCfg = Debug|Any CPU
		{35C7C163-F139-4266-A87D-7A06E66EC27F}.Debug|Any CPU.Build.0 = Debug|Any CPU
		{35C7C163-F139-4266-A87D-7A06E66EC27F}.Release|Any CPU.ActiveCfg = Release|Any CPU
		{35C7C163-F139-4266-A87D-7A06E66EC27F}.Release|Any CPU.Build.0 = Release|Any CPU
		{E71F9804-7CC0-405E-B854-5C1C10910659}.Debug|Any CPU.ActiveCfg = Debug|Any CPU
		{E71F9804-7CC0-405E-B854-5C1C10910659}.Debug|Any CPU.Build.0 = Debug|Any CPU
		{E71F9804-7CC0-405E-B854-5C1C10910659}.Release|Any CPU.ActiveCfg = Release|Any CPU
		{E71F9804-7CC0-405E-B854-5C1C10910659}.Release|Any CPU.Build.0 = Release|Any CPU
	EndGlobalSection
EndGlobal
